
Microsoft Visual Studio Solution File, Format Version 12.00
# Visual Studio Version 17
VisualStudioVersion = 17.8.34525.116
MinimumVisualStudioVersion = 10.0.40219.1
Project("{9A19103F-16F7-4668-BE54-9A1E7A4F7556}") = "AuthorizationApp", "AuthorizationApp\AuthorizationApp.csproj", "{1230C273-CE17-4FD7-ADE0-F308702D3471}"
EndProject
Project("{FAE04EC0-301F-11D3-BF4B-00C04F79EFBC}") = "AuthorizationAppTests", "AuthorizationAppTests\AuthorizationAppTests.csproj", "{1D7EC012-4C86-455F-BD3B-0EE63A0ACB38}"
EndProject
Global
	GlobalSection(SolutionConfigurationPlatforms) = preSolution
		Debug|Any CPU = Debug|Any CPU
		Release|Any CPU = Release|Any CPU
	EndGlobalSection
	GlobalSection(ProjectConfigurationPlatforms) = postSolution
		{1230C273-CE17-4FD7-ADE0-F308702D3471}.Debug|Any CPU.ActiveCfg = Debug|Any CPU
		{1230C273-CE17-4FD7-ADE0-F308702D3471}.Debug|Any CPU.Build.0 = Debug|Any CPU
		{1230C273-CE17-4FD7-ADE0-F308702D3471}.Debug|Any CPU.Deploy.0 = Debug|Any CPU
		{1230C273-CE17-4FD7-ADE0-F308702D3471}.Release|Any CPU.ActiveCfg = Release|Any CPU
		{1230C273-CE17-4FD7-ADE0-F308702D3471}.Release|Any CPU.Build.0 = Release|Any CPU
		{1230C273-CE17-4FD7-ADE0-F308702D3471}.Release|Any CPU.Deploy.0 = Release|Any CPU
		{1D7EC012-4C86-455F-BD3B-0EE63A0ACB38}.Debug|Any CPU.ActiveCfg = Debug|Any CPU
		{1D7EC012-4C86-455F-BD3B-0EE63A0ACB38}.Debug|Any CPU.Build.0 = Debug|Any CPU
		{1D7EC012-4C86-455F-BD3B-0EE63A0ACB38}.Release|Any CPU.ActiveCfg = Release|Any CPU
		{1D7EC012-4C86-455F-BD3B-0EE63A0ACB38}.Release|Any CPU.Build.0 = Release|Any CPU
	EndGlobalSection
	GlobalSection(SolutionProperties) = preSolution
		HideSolutionNode = FALSE
	EndGlobalSection
	GlobalSection(ExtensibilityGlobals) = postSolution
		SolutionGuid = {97DB0088-E0A7-4CBF-9EFB-9B3CE54A5108}
	EndGlobalSection
EndGlobal
